
Microsoft Visual Studio Solution File, Format Version 12.00
# Visual Studio 15
VisualStudioVersion = 15.0.26124.0
MinimumVisualStudioVersion = 15.0.26124.0
Project("{9A19103F-16F7-4668-BE54-9A1E7A4F7556}") = "Second.Web.Api", "Second.Web.Api\Second.Web.Api.csproj", "{C9D383D8-1EF9-4AFA-A4D5-7E35A3692D84}"
EndProject
Project("{9A19103F-16F7-4668-BE54-9A1E7A4F7556}") = "Second.IdSrv4", "Second.IdSrv4\Second.IdSrv4.csproj", "{7E0EA18F-E0C4-4A7C-AE44-0F8183BB6BCB}"
EndProject
Project("{9A19103F-16F7-4668-BE54-9A1E7A4F7556}") = "Second.Web.MVC", "Second.Web.MVC\Second.Web.MVC.csproj", "{4CACB452-C54D-470D-8186-C21D033A7C0A}"
EndProject
Global
	GlobalSection(SolutionConfigurationPlatforms) = preSolution
		Debug|Any CPU = Debug|Any CPU
		Debug|x64 = Debug|x64
		Debug|x86 = Debug|x86
		Release|Any CPU = Release|Any CPU
		Release|x64 = Release|x64
		Release|x86 = Release|x86
	EndGlobalSection
	GlobalSection(ProjectConfigurationPlatforms) = postSolution
		{C9D383D8-1EF9-4AFA-A4D5-7E35A3692D84}.Debug|Any CPU.ActiveCfg = Debug|Any CPU
		{C9D383D8-1EF9-4AFA-A4D5-7E35A3692D84}.Debug|Any CPU.Build.0 = Debug|Any CPU
		{C9D383D8-1EF9-4AFA-A4D5-7E35A3692D84}.Debug|x64.ActiveCfg = Debug|Any CPU
		{C9D383D8-1EF9-4AFA-A4D5-7E35A3692D84}.Debug|x64.Build.0 = Debug|Any CPU
		{C9D383D8-1EF9-4AFA-A4D5-7E35A3692D84}.Debug|x86.ActiveCfg = Debug|Any CPU
		{C9D383D8-1EF9-4AFA-A4D5-7E35A3692D84}.Debug|x86.Build.0 = Debug|Any CPU
		{C9D383D8-1EF9-4AFA-A4D5-7E35A3692D84}.Release|Any CPU.ActiveCfg = Release|Any CPU
		{C9D383D8-1EF9-4AFA-A4D5-7E35A3692D84}.Release|Any CPU.Build.0 = Release|Any CPU
		{C9D383D8-1EF9-4AFA-A4D5-7E35A3692D84}.Release|x64.ActiveCfg = Release|Any CPU
		{C9D383D8-1EF9-4AFA-A4D5-7E35A3692D84}.Release|x64.Build.0 = Release|Any CPU
		{C9D383D8-1EF9-4AFA-A4D5-7E35A3692D84}.Release|x86.ActiveCfg = Release|Any CPU
		{C9D383D8-1EF9-4AFA-A4D5-7E35A3692D84}.Release|x86.Build.0 = Release|Any CPU
		{7E0EA18F-E0C4-4A7C-AE44-0F8183BB6BCB}.Debug|Any CPU.ActiveCfg = Debug|Any CPU
		{7E0EA18F-E0C4-4A7C-AE44-0F8183BB6BCB}.Debug|Any CPU.Build.0 = Debug|Any CPU
		{7E0EA18F-E0C4-4A7C-AE44-0F8183BB6BCB}.Debug|x64.ActiveCfg = Debug|Any CPU
		{7E0EA18F-E0C4-4A7C-AE44-0F8183BB6BCB}.Debug|x64.Build.0 = Debug|Any CPU
		{7E0EA18F-E0C4-4A7C-AE44-0F8183BB6BCB}.Debug|x86.ActiveCfg = Debug|Any CPU
		{7E0EA18F-E0C4-4A7C-AE44-0F8183BB6BCB}.Debug|x86.Build.0 = Debug|Any CPU
		{7E0EA18F-E0C4-4A7C-AE44-0F8183BB6BCB}.Release|Any CPU.ActiveCfg = Release|Any CPU
		{7E0EA18F-E0C4-4A7C-AE44-0F8183BB6BCB}.Release|Any CPU.Build.0 = Release|Any CPU
		{7E0EA18F-E0C4-4A7C-AE44-0F8183BB6BCB}.Release|x64.ActiveCfg = Release|Any CPU
		{7E0EA18F-E0C4-4A7C-AE44-0F8183BB6BCB}.Release|x64.Build.0 = Release|Any CPU
		{7E0EA18F-E0C4-4A7C-AE44-0F8183BB6BCB}.Release|x86.ActiveCfg = Release|Any CPU
		{7E0EA18F-E0C4-4A7C-AE44-0F8183BB6BCB}.Release|x86.Build.0 = Release|Any CPU
		{4CACB452-C54D-470D-8186-C21D033A7C0A}.Debug|Any CPU.ActiveCfg = Debug|Any CPU
		{4CACB452-C54D-470D-8186-C21D033A7C0A}.Debug|Any CPU.Build.0 = Debug|Any CPU
		{4CACB452-C54D-470D-8186-C21D033A7C0A}.Debug|x64.ActiveCfg = Debug|Any CPU
		{4CACB452-C54D-470D-8186-C21D033A7C0A}.Debug|x64.Build.0 = Debug|Any CPU
		{4CACB452-C54D-470D-8186-C21D033A7C0A}.Debug|x86.ActiveCfg = Debug|Any CPU
		{4CACB452-C54D-470D-8186-C21D033A7C0A}.Debug|x86.Build.0 = Debug|Any CPU
		{4CACB452-C54D-470D-8186-C21D033A7C0A}.Release|Any CPU.ActiveCfg = Release|Any CPU
		{4CACB452-C54D-470D-8186-C21D033A7C0A}.Release|Any CPU.Build.0 = Release|Any CPU
		{4CACB452-C54D-470D-8186-C21D033A7C0A}.Release|x64.ActiveCfg = Release|Any CPU
		{4CACB452-C54D-470D-8186-C21D033A7C0A}.Release|x64.Build.0 = Release|Any CPU
		{4CACB452-C54D-470D-8186-C21D033A7C0A}.Release|x86.ActiveCfg = Release|Any CPU
		{4CACB452-C54D-470D-8186-C21D033A7C0A}.Release|x86.Build.0 = Release|Any CPU
	EndGlobalSection
	GlobalSection(SolutionProperties) = preSolution
		HideSolutionNode = FALSE
	EndGlobalSection
	GlobalSection(ExtensibilityGlobals) = postSolution
		SolutionGuid = {B822928E-55EB-419C-BC6F-05B1DA9750C6}
	EndGlobalSection
EndGlobal
